github.com/Edu15/recipe-golang-webservice v0.0.0-20210103221511-53cc13142313 h1:gIUhek/1bI+xv6BJJZxr6IGcwfsl3/ayjz/rxvVE6Zs=
github.com/Edu15/recipe-golang-webservice v0.0.0-20210106130618-ba477f364819 h1:Oi5kwECbDzNxYHRhbadbB5OtCUnzD7MK+4kK1k+Q0q4=
github.com/lib/pq v1.9.0 h1:L8nSXQQzAYByakOFMTwpjRoHsMJklur4Gi59b6VivR8=
github.com/lib/pq v1.9.0/go.mod h1:AlVN5x4E4T544tWzH6hKfbfQvm3HdbOxrmggDNAPY9o=
